
Microsoft Visual Studio Solution File, Format Version 12.00
# Visual Studio Version 17
VisualStudioVersion = 17.5.002.0
MinimumVisualStudioVersion = 10.0.40219.1
Project("{9A19103F-16F7-4668-BE54-9A1E7A4F7556}") = "ArraySumCalculator", "ArraySumCalculator.csproj", "{1800546E-B8A7-450E-8128-7EF6AC7F2519}"
EndProject
Global
	GlobalSection(SolutionConfigurationPlatforms) = preSolution
		Debug|Any CPU = Debug|Any CPU
		Release|Any CPU = Release|Any CPU
	EndGlobalSection
	GlobalSection(ProjectConfigurationPlatforms) = postSolution
		{1800546E-B8A7-450E-8128-7EF6AC7F2519}.Debug|Any CPU.ActiveCfg = Debug|Any CPU
		{1800546E-B8A7-450E-8128-7EF6AC7F2519}.Debug|Any CPU.Build.0 = Debug|Any CPU
		{1800546E-B8A7-450E-8128-7EF6AC7F2519}.Release|Any CPU.ActiveCfg = Release|Any CPU
		{1800546E-B8A7-450E-8128-7EF6AC7F2519}.Release|Any CPU.Build.0 = Release|Any CPU
	EndGlobalSection
	GlobalSection(SolutionProperties) = preSolution
		HideSolutionNode = FALSE
	EndGlobalSection
	GlobalSection(ExtensibilityGlobals) = postSolution
		SolutionGuid = {893814B3-37D5-49D4-B62C-B236C4DCC19D}
	EndGlobalSection
EndGlobal
